#MicroXplorer Configuration settings - do not modify
Mcu.Family=STM32WB
ProjectManager.MainLocation=Core/Src
Dma.TIM2_UP.0.PeriphDataAlignment=DMA_PDATAALIGN_WORD
PD1.GPIO_Mode=GPIO_MODE_INPUT
RCC.USART1Freq_Value=64000000
Dma.TIM2_UP.0.Direction=DMA_MEMORY_TO_PERIPH
RCC.SAI1Freq_Value=48000000
RCC.CortexFreq_Value=64000000
ProjectManager.KeepUserCode=true
Mcu.UserName=STM32WB55RGVx
SPI1.VirtualType=VM_MASTER
RF1.Signal=RF_RF1
SPI2.VirtualType=VM_SLAVE
RCC.RFWKPFreq_Value=32768
RCC.SMPSCLockSelectionVirtualVirtual=RCC_SMPSCLKSOURCE_HSI
RCC.PLLSAI1RoutputFreq_Value=48000000
PB2.GPIO_Speed=GPIO_SPEED_FREQ_VERY_HIGH
PB7.GPIO_FM7=__NULL
STM32_WPAN.CUSTOM_TEMPLATE=Disabled
ProjectManager.functionlistsort=1-MX_GPIO_Init-GPIO-false-HAL-true,2-MX_DMA_Init-DMA-false-HAL-true,3-SystemClock_Config-RCC-false-HAL-false,4-MX_RF_Init-RF-false-HAL-true,5-MX_RTC_Init-RTC-false-HAL-true,6-APPE_Init-STM32_WPAN-false-HAL-false,7-MX_SPI1_Init-SPI1-false-LL-true,8-MX_TIM2_Init-TIM2-false-HAL-true,9-MX_USART1_UART_Init-USART1-false-HAL-true,10-MX_SPI2_Init-SPI2-false-HAL-true,0-MX_HSEM_Init-HSEM-false-HAL-true
VP_RTC_VS_RTC_Activate.Mode=RTC_Enabled
RCC.RTCFreq_Value=32768
PD0.Locked=true
USART1.IPParameters=VirtualMode-Asynchronous
SPI1.TIMode=SPI_TIMODE_DISABLE
PinOutPanel.RotationAngle=0
VP_SEQUENCER_VS_SEQUENCER.Signal=SEQUENCER_VS_SEQUENCER
RCC.MCO1PinFreq_Value=64000000
RCC.SYSCLKSource=RCC_SYSCLKSOURCE_PLLCLK
ProjectManager.StackSize=0x400
PB5.GPIOParameters=GPIO_Speed,PinState,GPIO_PuPd,GPIO_ModeDefaultOutputPP
Dma.TIM2_UP.0.MemInc=DMA_MINC_ENABLE
Dma.TIM2_UP.0.MemDataAlignment=DMA_MDATAALIGN_WORD
RCC.I2C3Freq_Value=64000000
RCC.LPTIM1Freq_Value=64000000
Mcu.IP4=RCC
RCC.FCLKCortexFreq_Value=64000000
Mcu.IP5=RF
Mcu.IP2=LPTIM2
NVIC.SVCall_IRQn=true\:0\:0\:false\:false\:true\:false\:false
Dma.TIM2_UP.0.Mode=DMA_NORMAL
Mcu.IP3=NVIC
Mcu.IP0=DMA
PA12.Locked=true
Mcu.IP1=HSEM
PA12.Signal=USB_DP
Mcu.UserConstants=
RCC.VCOSAI1OutputFreq_Value=96000000
PA4.Mode=NSS_Signal_Hard_Output
PB0.PinState=GPIO_PIN_RESET
Mcu.ThirdPartyNb=0
SPI1.Direction=SPI_DIRECTION_2LINES
PB1.GPIO_PuPd=GPIO_NOPULL
RCC.HCLKFreq_Value=64000000
Mcu.IPNb=15
STM32_WPAN.LOCAL_NAME=NeuroST
TIM2.IPParameters=Period
ProjectManager.PreviousToolchain=STM32CubeIDE
RCC.APB2TimFreq_Value=64000000
PCC.Ble.PowerLevel=Min
PC4.GPIO_Mode=GPIO_MODE_INPUT
PB6.Signal=USART1_TX
PB5.PinState=GPIO_PIN_RESET
PB6.Mode=Asynchronous
SPI1.CalculateBaudRate=32.0 MBits/s
STM32_WPAN.CFG_TX_POWER=(0x1B) /* 2dBm */
PD0.Signal=GPIO_Input
Mcu.Pin6=PA4
Mcu.Pin7=PA7
VP_TIM2_VS_ClockSourceINT.Signal=TIM2_VS_ClockSourceINT
Mcu.Pin8=PA9
Mcu.Pin9=PC4
OSC_OUT.Mode=HSE-External-Oscillator
OSC_OUT.Signal=RCC_OSC_OUT
RCC.AHBFreq_Value=64000000
Mcu.Pin0=PC13
Mcu.Pin1=PC14-OSC32_IN
GPIO.groupedBy=Group By Peripherals
Mcu.Pin2=PC15-OSC32_OUT
Mcu.Pin3=PC1
NVIC.LPTIM2_IRQn=true\:0\:0\:false\:false\:true\:true\:true
Mcu.Pin4=PC2
Mcu.Pin5=PA1
ProjectManager.ProjectBuild=false
RCC.HSE_VALUE=32000000
NVIC.UsageFault_IRQn=true\:0\:0\:false\:false\:true\:false\:false
RCC.FCLK2Freq_Value=32000000
Dma.TIM2_UP.0.Priority=DMA_PRIORITY_VERY_HIGH
PB7.GPIO_ModeDefaultPP=GPIO_MODE_AF_PP
NVIC.DebugMonitor_IRQn=true\:0\:0\:false\:false\:true\:false\:false
PB2.Signal=GPIO_Output
PB3.Mode=Trace_Asynchronous_SW
Mcu.IP10=STM32_WPAN
PD1.GPIOParameters=GPIO_PuPd,GPIO_Mode
NVIC.SysTick_IRQn=true\:0\:0\:false\:false\:true\:false\:true
RCC.RTCClockSelection=RCC_RTCCLKSOURCE_LSE
Mcu.IP12=TIM2
Mcu.IP11=SYS
ProjectManager.FirmwarePackage=STM32Cube FW_WB V1.8.0
MxDb.Version=DB.6.0.0
PB0.GPIOParameters=GPIO_Speed,PinState,GPIO_PuPd,GPIO_ModeDefaultOutputPP
Mcu.IP14=USART1
PA1.GPIOParameters=GPIO_Speed
Mcu.IP13=TINY_LPM
ProjectManager.BackupPrevious=true
VP_LPTIM2_VS_LPTIM_counterModeInternalClock.Mode=Counts__internal_clock_event_00
PC14-OSC32_IN.Mode=LSE-External-Oscillator
RCC.VCOInputFreq_Value=4000000
PB1.GPIO_Speed=GPIO_SPEED_FREQ_LOW
PA14.Mode=Trace_Asynchronous_SW
NVIC.TIM2_IRQn=true\:0\:0\:false\:false\:true\:true\:true
SPI1.DataSize=SPI_DATASIZE_16BIT
File.Version=6
PB7.Signal=USART1_RX
RCC.PLLRCLKFreq_Value=64000000
SPI1.VirtualNSS=VM_NSSHARD
PB6.Locked=true
NVIC.PendSV_IRQn=true\:0\:0\:false\:false\:true\:false\:false
Dma.TIM2_UP.0.SignalID=NONE
Dma.RequestsNb=1
PB6.GPIOParameters=GPIO_ModeDefaultPP,GPIO_Speed,GPIO_FM6,GPIO_PuPd
ProjectManager.HalAssertFull=false
PB0.Locked=true
PB2.GPIO_PuPd=GPIO_PULLUP
ProjectManager.ProjectName=NS-STM32
RCC.APB3Freq_Value=16000000
PB1.PinState=GPIO_PIN_RESET
NVIC.HSEM_IRQn=true\:0\:0\:false\:false\:true\:false\:true
Mcu.Package=VFQFPN68
PB1.Signal=GPIO_Output
SPI2.Mode=SPI_MODE_SLAVE
PA14.Locked=true
PB6.GPIO_FM6=__NULL
ProjectManager.ToolChainLocation=
RCC.LSI_VALUE=32000
VP_SYS_VS_Systick.Signal=SYS_VS_Systick
RCC.LSCOPinFreq_Value=32000
SPI2.CLKPhase=SPI_PHASE_2EDGE
VP_STM32_WPAN_VS_BLE_HOST.Signal=STM32_WPAN_VS_BLE_HOST
VP_TINY_LPM_VS_TINY_LPM.Mode=TINY_LPM_Enabled
PB5.GPIO_Speed=GPIO_SPEED_FREQ_LOW
VP_HSEM_VS_HSEM.Mode=HSEM_Activate
RCC.PLLPoutputFreq_Value=64000000
RCC.APB1TimFreq_Value=64000000
PD0.GPIO_Mode=GPIO_MODE_INPUT
NVIC.BusFault_IRQn=true\:0\:0\:false\:false\:true\:false\:false
PC4.Locked=true
RCC.LPUART1Freq_Value=64000000
PB0.GPIO_ModeDefaultOutputPP=GPIO_MODE_OUTPUT_PP
SPI2.Direction=SPI_DIRECTION_2LINES
Dma.Request0=TIM2_UP
SPI1.BaudRatePrescaler=SPI_BAUDRATEPRESCALER_2
ProjectManager.CustomerFirmwarePackage=
PC4.GPIOParameters=GPIO_PuPd,GPIO_Mode
PC14-OSC32_IN.Locked=true
RCC.HSI48_VALUE=48000000
PB3.Locked=true
RCC.PLLSAI1N=24
PB7.GPIO_Speed=GPIO_SPEED_FREQ_LOW
VP_RTC_VS_RTC_Activate.Signal=RTC_VS_RTC_Activate
PB7.GPIO_PuPd=GPIO_NOPULL
PB5.GPIO_ModeDefaultOutputPP=GPIO_MODE_OUTPUT_PP
PCC.Ble.Mode=NOT_SELECTED
PC15-OSC32_OUT.Mode=LSE-External-Oscillator
RCC.PLLQoutputFreq_Value=64000000
ProjectManager.ProjectFileName=NS-STM32.ioc
RCC.SMPSFreq_Value=4000000
PA7.Mode=TX_Only_Simplex_Unidirect_Master
VP_STM32_WPAN_VS_BLE_HOST.Mode=STM32_WPAN_Enabled
Mcu.PinsNb=34
ProjectManager.NoMain=false
SPI1.IPParameters=VirtualType,Mode,Direction,CalculateBaudRate,DataSize,BaudRatePrescaler,TIMode,CLKPhase,NSSPMode,VirtualNSS
PC4.GPIO_PuPd=GPIO_NOPULL
PC13.Locked=true
RCC.HCLK3Freq_Value=64000000
PC13.Signal=SYS_WKUP2
PB6.GPIO_PuPd=GPIO_NOPULL
PC2.Signal=SPI2_MISO
PC4.Signal=GPIO_Input
PD1.Signal=GPIO_Input
ProjectManager.DefaultFWLocation=true
PC2.Mode=Full_Duplex_Slave
VP_HSEM_VS_HSEM.Signal=HSEM_VS_HSEM
SPI1.CLKPhase=SPI_PHASE_1EDGE
OSC_IN.Locked=true
PD1.GPIO_PuPd=GPIO_NOPULL
ProjectManager.DeletePrevious=false
RCC.HCLK2Freq_Value=32000000
PC14-OSC32_IN.Signal=RCC_OSC32_IN
Dma.TIM2_UP.0.Polarity=HAL_DMAMUX_REQ_GEN_RISING
boardIOC=true
RCC.AHB2CLKDivider=RCC_SYSCLK_DIV2
RCC.FamilyName=M
PB0.GPIO_Speed=GPIO_SPEED_FREQ_LOW
USART1.VirtualMode-Asynchronous=VM_ASYNC
PA13.Signal=SYS_JTMS-SWDIO
Dma.TIM2_UP.0.EventEnable=DISABLE
PA11.Locked=true
PA9.Mode=Full_Duplex_Slave
PC15-OSC32_OUT.Locked=true
Dma.TIM2_UP.0.RequestParameters=Instance,Direction,PeriphInc,MemInc,PeriphDataAlignment,MemDataAlignment,Mode,Priority,SignalID,Polarity,RequestNumber,SyncSignalID,SyncPolarity,SyncEnable,EventEnable,SyncRequestNumber
ProjectManager.TargetToolchain=STM32CubeIDE
STM32_WPAN.LOCAL_NAME_FORMATTED=,'N','e','u','r','o','S','T'
PB7.GPIOParameters=GPIO_ModeDefaultPP,GPIO_Speed,GPIO_PuPd,GPIO_FM7
RCC.HCLKRFFreq_Value=16000000
PA9.Signal=SPI2_SCK
PB2.GPIOParameters=GPIO_Speed,GPIO_PuPd
Dma.TIM2_UP.0.SyncPolarity=HAL_DMAMUX_SYNC_NO_EVENT
PB5.Locked=true
SPI2.IPParameters=VirtualType,Mode,Direction,CLKPhase
VP_LPTIM2_VS_LPTIM_counterModeInternalClock.Signal=LPTIM2_VS_LPTIM_counterModeInternalClock
ProjectManager.RegisterCallBack=
OSC_IN.Signal=RCC_OSC_IN
RCC.USBFreq_Value=48000000
PC15-OSC32_OUT.Signal=RCC_OSC32_OUT
PA1.Signal=SPI1_SCK
PB6.GPIO_ModeDefaultPP=GPIO_MODE_AF_PP
RCC.PLLSAI1PoutputFreq_Value=48000000
PB1.Locked=true
Dma.TIM2_UP.0.SyncEnable=DISABLE
RCC.SMPSCLockSelectionVirtual=RCC_SMPSCLKSOURCE_HSI
board=P-NUCLEO-WB55-Nucleo
VP_SEQUENCER_VS_SEQUENCER.Mode=SEQUENCER_Enabled
RCC.Cortex2Freq_Value=32000000
RCC.VCOOutputFreq_Value=128000000
ProjectManager.LastFirmware=true
RCC.SMPS1Freq_Value=8000000
PA7.GPIO_Speed=GPIO_SPEED_FREQ_VERY_HIGH
RCC.APB2Freq_Value=64000000
PA1.Mode=TX_Only_Simplex_Unidirect_Master
MxCube.Version=6.0.1
PCC.Ble.DataLength=6
VP_TIM2_VS_ClockSourceINT.Mode=Internal
RCC.I2C1Freq_Value=64000000
SPI1.Mode=SPI_MODE_MASTER
PA1.GPIO_Speed=GPIO_SPEED_FREQ_VERY_HIGH
RCC.LCDFreq_Value=32768
RCC.RNGFreq_Value=32000
RCC.PLLSAI1QoutputFreq_Value=48000000
Mcu.Pin30=VP_STM32_WPAN_VS_BLE_HOST
RCC.ADCFreq_Value=48000000
VP_SYS_VS_Systick.Mode=SysTick
Mcu.Pin33=VP_TINY_LPM_VS_TINY_LPM
Mcu.Pin31=VP_SYS_VS_Systick
Mcu.Pin32=VP_TIM2_VS_ClockSourceINT
NVIC.NonMaskableInt_IRQn=true\:0\:0\:false\:false\:true\:false\:false
OSC_OUT.Locked=true
TIM2.Period=0xffffff
PA13.Mode=Trace_Asynchronous_SW
ProjectManager.FreePins=false
RCC.IPParameters=ADCFreq_Value,AHB2CLKDivider,AHBFreq_Value,APB1Freq_Value,APB1TimFreq_Value,APB2Freq_Value,APB2TimFreq_Value,APB3Freq_Value,Cortex2Freq_Value,CortexFreq_Value,FCLK2Freq_Value,FCLKCortexFreq_Value,FamilyName,HCLK2Freq_Value,HCLK3Freq_Value,HCLKFreq_Value,HCLKRFFreq_Value,HSE_VALUE,HSI48_VALUE,HSI_VALUE,I2C1Freq_Value,I2C3Freq_Value,LCDFreq_Value,LPTIM1Freq_Value,LPTIM2Freq_Value,LPUART1Freq_Value,LSCOPinFreq_Value,LSI_VALUE,MCO1PinFreq_Value,PLLN,PLLPoutputFreq_Value,PLLQoutputFreq_Value,PLLRCLKFreq_Value,PLLSAI1N,PLLSAI1PoutputFreq_Value,PLLSAI1QoutputFreq_Value,PLLSAI1RoutputFreq_Value,PWRFreq_Value,RFWKPClockSelection,RFWKPFreq_Value,RNGFreq_Value,RTCClockSelection,RTCFreq_Value,SAI1Freq_Value,SMPS1Freq_Value,SMPSCLockSelectionVirtual,SMPSCLockSelectionVirtualVirtual,SMPSFreq_Value,SYSCLKFreq_VALUE,SYSCLKSource,USART1Freq_Value,USBFreq_Value,VCOInputFreq_Value,VCOOutputFreq_Value,VCOSAI1OutputFreq_Value
ProjectManager.AskForMigrate=true
Mcu.Name=STM32WB55RGVx
RCC.LPTIM2Freq_Value=64000000
Mcu.Pin26=VP_HSEM_VS_HSEM
Mcu.Pin27=VP_LPTIM2_VS_LPTIM_counterModeInternalClock
SPI1.NSSPMode=SPI_NSS_PULSE_ENABLE
Mcu.Pin24=PB6
ProjectManager.UnderRoot=true
Mcu.Pin25=PB7
PB2.Locked=true
Mcu.IP8=SPI1
Mcu.IP9=SPI2
Mcu.Pin28=VP_RTC_VS_RTC_Activate
Mcu.IP6=RTC
Mcu.Pin29=VP_SEQUENCER_VS_SEQUENCER
Mcu.IP7=SEQUENCER
ProjectManager.CoupleFile=false
PB3.Signal=SYS_JTDO-SWO
PA4.Signal=SPI1_NSS
RCC.SYSCLKFreq_VALUE=64000000
Mcu.Pin22=PB3
PB5.Signal=GPIO_Output
Mcu.Pin23=PB5
Mcu.Pin20=PD0
Dma.TIM2_UP.0.PeriphInc=DMA_PINC_DISABLE
Mcu.Pin21=PD1
PCC.Ble.ConnectionInterval=1000.0
NVIC.ForceEnableDMAVector=true
KeepUserPlacement=false
OSC_IN.Mode=HSE-External-Oscillator
PB5.GPIO_PuPd=GPIO_NOPULL
NVIC.MemoryManagement_IRQn=true\:0\:0\:false\:false\:true\:false\:false
STM32_WPAN.IPParameters=LOCAL_NAME,LOCAL_NAME_FORMATTED,CFG_TX_POWER,CUSTOM_TEMPLATE
PA13.Locked=true
ProjectManager.CompilerOptimize=6
RF1.Mode=RF1_Activate
PB7.Mode=Asynchronous
PA11.Signal=USB_DM
PA14.Signal=SYS_JTCK-SWCLK
ProjectManager.HeapSize=0x200
Mcu.Pin15=PB1
NVIC.HardFault_IRQn=true\:0\:0\:false\:false\:true\:false\:false
Mcu.Pin16=PA11
Mcu.Pin13=OSC_IN
PD0.GPIO_PuPd=GPIO_NOPULL
Mcu.Pin14=PB0
Mcu.Pin19=PA14
ProjectManager.ComputerToolchain=false
Mcu.Pin17=PA12
RCC.HSI_VALUE=16000000
Mcu.Pin18=PA13
NVIC.PriorityGroup=NVIC_PRIORITYGROUP_4
Mcu.Pin11=RF1
PD0.GPIOParameters=GPIO_PuPd,GPIO_Mode
Mcu.Pin12=OSC_OUT
RCC.PLLN=32
Mcu.Pin10=PB2
PB7.Locked=true
RCC.PWRFreq_Value=64000000
VP_TINY_LPM_VS_TINY_LPM.Signal=TINY_LPM_VS_TINY_LPM
NVIC.DMA1_Channel1_IRQn=true\:0\:0\:false\:false\:true\:false\:true
PB1.GPIO_ModeDefaultOutputPP=GPIO_MODE_OUTPUT_PP
PB6.GPIO_Speed=GPIO_SPEED_FREQ_LOW
RCC.APB1Freq_Value=64000000
PD1.Locked=true
RCC.RFWKPClockSelection=RCC_RFWKPCLKSOURCE_LSE
PB0.Signal=GPIO_Output
Dma.TIM2_UP.0.SyncSignalID=NONE
Dma.TIM2_UP.0.SyncRequestNumber=1
PA7.GPIOParameters=GPIO_Speed
ProjectManager.DeviceId=STM32WB55RGVx
PC1.Signal=SPI2_MOSI
ProjectManager.LibraryCopy=1
PB0.GPIO_PuPd=GPIO_NOPULL
PC1.Mode=Full_Duplex_Slave
PB1.GPIOParameters=GPIO_Speed,PinState,GPIO_PuPd,GPIO_ModeDefaultOutputPP
Dma.TIM2_UP.0.Instance=DMA1_Channel1
PA7.Signal=SPI1_MOSI
Dma.TIM2_UP.0.RequestNumber=1
